{
  "name": "metasepia",
  "version": "0.0.1",
  "lockfileVersion": 1,
  "requires": true,
  "dependencies": {
    "bignumber.js": {
      "version": "4.1.0",
      "resolved": "https://registry.npmjs.org/bignumber.js/-/bignumber.js-4.1.0.tgz",
      "integrity": "sha512-eJzYkFYy9L4JzXsbymsFn3p54D+llV27oTQ+ziJG7WFRheJcNZilgVXMG0LoZtlQSKBsJdWtLFqOD0u+U0jZKA=="
    },
    "config": {
      "version": "3.0.1",
      "resolved": "https://registry.npmjs.org/config/-/config-3.0.1.tgz",
      "integrity": "sha512-TBNrrk2b6AybUohqXw2AydglFBL9b/+1GG93Di6Fm6x1SyVJ5PYgo+mqY2X0KpU9m0PJDSbFaC5H95utSphtLw==",
      "requires": {
        "json5": "^1.0.1"
      }
    },
    "core-util-is": {
      "version": "1.0.2",
      "resolved": "https://registry.npmjs.org/core-util-is/-/core-util-is-1.0.2.tgz",
      "integrity": "sha1-tf1UIgqivFq1eqtxQMlAdUUDwac="
    },
    "fast-redact": {
      "version": "1.4.2",
      "resolved": "https://registry.npmjs.org/fast-redact/-/fast-redact-1.4.2.tgz",
      "integrity": "sha512-ttC8IgelNvYqb9RBC+rirgUCVPtPVonfdeRdsHBcBx3kzQat1DafbUKAEhLo5GnvuBqda+Xe1BvblecPpQkZ2Q=="
    },
    "fast-safe-stringify": {
      "version": "2.0.6",
      "resolved": "https://registry.npmjs.org/fast-safe-stringify/-/fast-safe-stringify-2.0.6.tgz",
      "integrity": "sha512-q8BZ89jjc+mz08rSxROs8VsrBBcn1SIw1kq9NjolL509tkABRk9io01RAjSaEv1Xb2uFLt8VtRiZbGp5H8iDtg=="
    },
    "flatstr": {
      "version": "1.0.9",
      "resolved": "https://registry.npmjs.org/flatstr/-/flatstr-1.0.9.tgz",
      "integrity": "sha512-qFlJnOBWDfIaunF54/lBqNKmXOI0HqNhu+mHkLmbaBXlS71PUd9OjFOdyevHt/aHoHB1+eW7eKHgRKOG5aHSpw=="
    },
    "iconv": {
      "version": "2.2.3",
      "resolved": "https://registry.npmjs.org/iconv/-/iconv-2.2.3.tgz",
      "integrity": "sha1-4ITWDut9c9p/CpwJbkyKvgkL+u0=",
      "optional": true,
      "requires": {
        "nan": "^2.3.5"
      }
    },
    "inherits": {
      "version": "2.0.3",
      "resolved": "https://registry.npmjs.org/inherits/-/inherits-2.0.3.tgz",
      "integrity": "sha1-Yzwsg+PaQqUC9SRmAiSA9CCCYd4="
    },
    "irc": {
      "version": "0.5.2",
      "resolved": "https://registry.npmjs.org/irc/-/irc-0.5.2.tgz",
      "integrity": "sha1-NxT0doNlqW0LL3dryRFmvrJGS7w=",
      "requires": {
        "iconv": "~2.2.1",
        "irc-colors": "^1.1.0",
        "node-icu-charset-detector": "~0.2.0"
      }
    },
    "irc-colors": {
      "version": "1.5.0",
      "resolved": "https://registry.npmjs.org/irc-colors/-/irc-colors-1.5.0.tgz",
      "integrity": "sha512-HtszKchBQTcqw1DC09uD7i7vvMayHGM1OCo6AHt5pkgZEyo99ClhHTMJdf+Ezc9ovuNNxcH89QfyclGthjZJOw=="
    },
    "isarray": {
      "version": "1.0.0",
      "resolved": "https://registry.npmjs.org/isarray/-/isarray-1.0.0.tgz",
      "integrity": "sha1-u5NdSFgsuhaMBoNJV6VKPgcSTxE="
    },
    "json5": {
      "version": "1.0.1",
      "resolved": "https://registry.npmjs.org/json5/-/json5-1.0.1.tgz",
      "integrity": "sha512-aKS4WQjPenRxiQsC93MNfjx+nbF4PAdYzmd/1JIj8HYzqfbu86beTuNgXDzPknWk0n0uARlyewZo4s++ES36Ow==",
      "requires": {
        "minimist": "^1.2.0"
      }
    },
    "minimist": {
      "version": "1.2.0",
      "resolved": "https://registry.npmjs.org/minimist/-/minimist-1.2.0.tgz",
      "integrity": "sha1-o1AIsg9BOD7sH7kU9M1d95omQoQ="
    },
    "mysql": {
      "version": "github:mysqljs/mysql#8ae456f54d346dc84d49bba5a01888653ba2981b",
      "from": "github:mysqljs/mysql",
      "requires": {
        "bignumber.js": "4.1.0",
        "readable-stream": "2.3.6",
        "safe-buffer": "5.1.2",
        "sqlstring": "2.3.1"
      }
    },
    "nan": {
      "version": "2.12.1",
      "resolved": "https://registry.npmjs.org/nan/-/nan-2.12.1.tgz",
      "integrity": "sha512-JY7V6lRkStKcKTvHO5NVSQRv+RV+FIL5pvDoLiAtSL9pKlC5x9PKQcZDsq7m4FO4d57mkhC6Z+QhAh3Jdk5JFw==",
      "optional": true
    },
    "node-icu-charset-detector": {
      "version": "0.2.0",
      "resolved": "https://registry.npmjs.org/node-icu-charset-detector/-/node-icu-charset-detector-0.2.0.tgz",
      "integrity": "sha1-wjINo3Tdy2cfxUy0oOBB4Vb/1jk=",
      "optional": true,
      "requires": {
        "nan": "^2.3.3"
      }
    },
    "pino": {
      "version": "5.10.6",
      "resolved": "https://registry.npmjs.org/pino/-/pino-5.10.6.tgz",
      "integrity": "sha512-iw6PRQ8l6iR56UO/LigaK2MIgfTD5GQUFXSRpw5SXJDlfwZsvQj1WJ1xK9747YG6aeL8KkVP1CdSp0+Avj1hNg==",
      "requires": {
        "fast-redact": "^1.4.2",
        "fast-safe-stringify": "^2.0.6",
        "flatstr": "^1.0.9",
        "pino-std-serializers": "^2.3.0",
        "quick-format-unescaped": "^3.0.0",
        "sonic-boom": "^0.7.1"
      }
    },
    "pino-std-serializers": {
      "version": "2.3.0",
      "resolved": "https://registry.npmjs.org/pino-std-serializers/-/pino-std-serializers-2.3.0.tgz",
      "integrity": "sha512-klfGoOsP6sJH7ON796G4xoUSx2fkpFgKHO4YVVO2zmz31jR+etzc/QzGJILaOIiCD6HTCFgkPx+XN8nk+ruqPw=="
    },
    "process-nextick-args": {
      "version": "2.0.0",
      "resolved": "https://registry.npmjs.org/process-nextick-args/-/process-nextick-args-2.0.0.tgz",
      "integrity": "sha512-MtEC1TqN0EU5nephaJ4rAtThHtC86dNN9qCuEhtshvpVBkAW5ZO7BASN9REnF9eoXGcRub+pFuKEpOHE+HbEMw=="
    },
    "quick-format-unescaped": {
      "version": "3.0.1",
      "resolved": "https://registry.npmjs.org/quick-format-unescaped/-/quick-format-unescaped-3.0.1.tgz",
      "integrity": "sha512-Tnk4iJQ8x3V8ml3x9sLIf4tSDaVB9OJY/5gOrnxgK63CXKphhn8oYOPI4tqnXPQcZ3tCv7GFjeoYY5h6UAvuzg=="
    },
    "readable-stream": {
      "version": "2.3.6",
      "resolved": "https://registry.npmjs.org/readable-stream/-/readable-stream-2.3.6.tgz",
      "integrity": "sha512-tQtKA9WIAhBF3+VLAseyMqZeBjW0AHJoxOtYqSUZNJxauErmLbVm2FW1y+J/YA9dUrAC39ITejlZWhVIwawkKw==",
      "requires": {
        "core-util-is": "~1.0.0",
        "inherits": "~2.0.3",
        "isarray": "~1.0.0",
        "process-nextick-args": "~2.0.0",
        "safe-buffer": "~5.1.1",
        "string_decoder": "~1.1.1",
        "util-deprecate": "~1.0.1"
      }
    },
    "safe-buffer": {
      "version": "5.1.2",
      "resolved": "https://registry.npmjs.org/safe-buffer/-/safe-buffer-5.1.2.tgz",
      "integrity": "sha512-Gd2UZBJDkXlY7GbJxfsE8/nvKkUEU1G38c1siN6QP6a9PT9MmHB8GnpscSmMJSoF8LOIrt8ud/wPtojys4G6+g=="
    },
    "sonic-boom": {
      "version": "0.7.3",
      "resolved": "https://registry.npmjs.org/sonic-boom/-/sonic-boom-0.7.3.tgz",
      "integrity": "sha512-A9EyoIeLD+g9vMLYQKjNCatJtAKdBQMW03+L8ZWWX/A6hq+srRCwdqHrBD1R8oSMLXov3oHN13dljtZf12q2Ow==",
      "requires": {
        "flatstr": "^1.0.9"
      }
    },
    "sqlstring": {
      "version": "2.3.1",
      "resolved": "https://registry.npmjs.org/sqlstring/-/sqlstring-2.3.1.tgz",
      "integrity": "sha1-R1OT/56RR5rqYtyvDKPRSYOn+0A="
    },
    "string_decoder": {
      "version": "1.1.1",
      "resolved": "https://registry.npmjs.org/string_decoder/-/string_decoder-1.1.1.tgz",
      "integrity": "sha512-n/ShnvDi6FHbbVfviro+WojiFzv+s8MPMHBczVePfUpDJLwoLT0ht1l4YwBCbi8pJAveEEdnkHyPyTP/mzRfwg==",
      "requires": {
        "safe-buffer": "~5.1.0"
      }
    },
    "util-deprecate": {
      "version": "1.0.2",
      "resolved": "https://registry.npmjs.org/util-deprecate/-/util-deprecate-1.0.2.tgz",
      "integrity": "sha1-RQ1Nyfpw3nMnYvvS1KKJgUGaDM8="
    }
  }
}
